{
  "nodes": {
    "nixpkgs": {
      "locked": {
        "lastModified": 1781645423,
        "narHash": "sha256-2FXstGU9zcFASIPGjODDDdxc4GHjleIwAD88I6Nl0Nk=",
        "owner": "NixOS",
        "repo": "nixpkgs",
        "rev": "bdc60ed90f33b2eb9c41051ba6d336f1f91cfb7f",
        "type": "github"
      },
      "original": {
        "owner": "NixOS",
        "repo": "nixpkgs",
        "type": "github"
      }
    },
    "root": {
      "inputs": {
        "nixpkgs": "nixpkgs"
      }
    }
  },
  "root": "root",
  "version": 7
}
